
Microsoft Visual Studio Solution File, Format Version 12.00
# Visual Studio Version 17
VisualStudioVersion = 17.10.34928.147
MinimumVisualStudioVersion = 10.0.40219.1
Project("{FAE04EC0-301F-11D3-BF4B-00C04F79EFBC}") = "MonGame", "MonGame.csproj", "{39A36A37-212A-4980-AE9E-9387BCCDB9E5}"
EndProject
Global
	GlobalSection(SolutionConfigurationPlatforms) = preSolution
		Debug|Any CPU = Debug|Any CPU
		Release|Any CPU = Release|Any CPU
	EndGlobalSection
	GlobalSection(ProjectConfigurationPlatforms) = postSolution
		{39A36A37-212A-4980-AE9E-9387BCCDB9E5}.Debug|Any CPU.ActiveCfg = Debug|Any CPU
		{39A36A37-212A-4980-AE9E-9387BCCDB9E5}.Debug|Any CPU.Build.0 = Debug|Any CPU
		{39A36A37-212A-4980-AE9E-9387BCCDB9E5}.Release|Any CPU.ActiveCfg = Release|Any CPU
		{39A36A37-212A-4980-AE9E-9387BCCDB9E5}.Release|Any CPU.Build.0 = Release|Any CPU
	EndGlobalSection
	GlobalSection(SolutionProperties) = preSolution
		HideSolutionNode = FALSE
	EndGlobalSection
	GlobalSection(ExtensibilityGlobals) = postSolution
		SolutionGuid = {BD43DEE1-01A8-45FB-94D7-B77F901DB8D3}
	EndGlobalSection
EndGlobal
